
Microsoft Visual Studio Solution File, Format Version 12.00
# Visual Studio Version 17
VisualStudioVersion = 17.9.34728.123
MinimumVisualStudioVersion = 10.0.40219.1
Project("{FAE04EC0-301F-11D3-BF4B-00C04F79EFBC}") = "Ejercicio1", "Ejercicio1\Ejercicio1.csproj", "{F91B3040-FC74-43E1-BB18-0D06651A9FEF}"
EndProject
Global
	GlobalSection(SolutionConfigurationPlatforms) = preSolution
		Debug|Any CPU = Debug|Any CPU
		Release|Any CPU = Release|Any CPU
	EndGlobalSection
	GlobalSection(ProjectConfigurationPlatforms) = postSolution
		{F91B3040-FC74-43E1-BB18-0D06651A9FEF}.Debug|Any CPU.ActiveCfg = Debug|Any CPU
		{F91B3040-FC74-43E1-BB18-0D06651A9FEF}.Debug|Any CPU.Build.0 = Debug|Any CPU
		{F91B3040-FC74-43E1-BB18-0D06651A9FEF}.Release|Any CPU.ActiveCfg = Release|Any CPU
		{F91B3040-FC74-43E1-BB18-0D06651A9FEF}.Release|Any CPU.Build.0 = Release|Any CPU
	EndGlobalSection
	GlobalSection(SolutionProperties) = preSolution
		HideSolutionNode = FALSE
	EndGlobalSection
	GlobalSection(ExtensibilityGlobals) = postSolution
		SolutionGuid = {80E419BC-2D96-465A-97D8-9EF780EB56CF}
	EndGlobalSection
EndGlobal
